
Microsoft Visual Studio Solution File, Format Version 12.00
# Visual Studio Version 17
VisualStudioVersion = 17.14.36127.28 d17.14
MinimumVisualStudioVersion = 10.0.40219.1
Project("{FAE04EC0-301F-11D3-BF4B-00C04F79EFBC}") = "TransactionsExample", "TransactionsExample\TransactionsExample.csproj", "{61C9248D-9ACE-4492-B5E6-9B1351D0E860}"
EndProject
Global
	GlobalSection(SolutionConfigurationPlatforms) = preSolution
		Debug|Any CPU = Debug|Any CPU
		Release|Any CPU = Release|Any CPU
	EndGlobalSection
	GlobalSection(ProjectConfigurationPlatforms) = postSolution
		{61C9248D-9ACE-4492-B5E6-9B1351D0E860}.Debug|Any CPU.ActiveCfg = Debug|Any CPU
		{61C9248D-9ACE-4492-B5E6-9B1351D0E860}.Debug|Any CPU.Build.0 = Debug|Any CPU
		{61C9248D-9ACE-4492-B5E6-9B1351D0E860}.Release|Any CPU.ActiveCfg = Release|Any CPU
		{61C9248D-9ACE-4492-B5E6-9B1351D0E860}.Release|Any CPU.Build.0 = Release|Any CPU
	EndGlobalSection
	GlobalSection(SolutionProperties) = preSolution
		HideSolutionNode = FALSE
	EndGlobalSection
	GlobalSection(ExtensibilityGlobals) = postSolution
		SolutionGuid = {3D2E9647-1F4F-49A9-AAE7-5A7722C7DF54}
	EndGlobalSection
EndGlobal
